
Microsoft Visual Studio Solution File, Format Version 12.00
# Visual Studio Version 16
VisualStudioVersion = 16.0.29709.97
MinimumVisualStudioVersion = 10.0.40219.1
Project("{FAE04EC0-301F-11D3-BF4B-00C04F79EFBC}") = "Pr03-02-01", "Pr03-02-01\Pr03-02-01.csproj", "{18103D3F-B11E-4153-B6B4-D18932C57224}"
EndProject
Global
	GlobalSection(SolutionConfigurationPlatforms) = preSolution
		Debug|Any CPU = Debug|Any CPU
		Release|Any CPU = Release|Any CPU
	EndGlobalSection
	GlobalSection(ProjectConfigurationPlatforms) = postSolution
		{18103D3F-B11E-4153-B6B4-D18932C57224}.Debug|Any CPU.ActiveCfg = Debug|Any CPU
		{18103D3F-B11E-4153-B6B4-D18932C57224}.Debug|Any CPU.Build.0 = Debug|Any CPU
		{18103D3F-B11E-4153-B6B4-D18932C57224}.Release|Any CPU.ActiveCfg = Release|Any CPU
		{18103D3F-B11E-4153-B6B4-D18932C57224}.Release|Any CPU.Build.0 = Release|Any CPU
	EndGlobalSection
	GlobalSection(SolutionProperties) = preSolution
		HideSolutionNode = FALSE
	EndGlobalSection
	GlobalSection(ExtensibilityGlobals) = postSolution
		SolutionGuid = {3B740F59-AE07-4252-8543-F5E25A7DD8AD}
	EndGlobalSection
EndGlobal
